
Microsoft Visual Studio Solution File, Format Version 12.00
# Visual Studio Version 16
VisualStudioVersion = 16.0.28803.452
MinimumVisualStudioVersion = 10.0.40219.1
Project("{9A19103F-16F7-4668-BE54-9A1E7A4F7556}") = "OracControl", "OracControl\OracControl.csproj", "{3CEBA433-1CCC-474A-A8E4-D22C77624324}"
EndProject
Global
	GlobalSection(SolutionConfigurationPlatforms) = preSolution
		Debug|Any CPU = Debug|Any CPU
		Release|Any CPU = Release|Any CPU
	EndGlobalSection
	GlobalSection(ProjectConfigurationPlatforms) = postSolution
		{3CEBA433-1CCC-474A-A8E4-D22C77624324}.Debug|Any CPU.ActiveCfg = Debug|Any CPU
		{3CEBA433-1CCC-474A-A8E4-D22C77624324}.Debug|Any CPU.Build.0 = Debug|Any CPU
		{3CEBA433-1CCC-474A-A8E4-D22C77624324}.Release|Any CPU.ActiveCfg = Release|Any CPU
		{3CEBA433-1CCC-474A-A8E4-D22C77624324}.Release|Any CPU.Build.0 = Release|Any CPU
	EndGlobalSection
	GlobalSection(SolutionProperties) = preSolution
		HideSolutionNode = FALSE
	EndGlobalSection
	GlobalSection(ExtensibilityGlobals) = postSolution
		SolutionGuid = {4D0B88D6-911E-44C0-BD1F-C5A70C0C8A55}
	EndGlobalSection
EndGlobal
